
Microsoft Visual Studio Solution File, Format Version 12.00
# Visual Studio Version 17
VisualStudioVersion = 17.2.32616.157
MinimumVisualStudioVersion = 10.0.40219.1
Project("{FAE04EC0-301F-11D3-BF4B-00C04F79EFBC}") = "AppMovil.Android", "AppMovil\AppMovil.Android\AppMovil.Android.csproj", "{AD6FF1EB-5F1F-41D2-AC20-B004DDAAA051}"
EndProject
Project("{9A19103F-16F7-4668-BE54-9A1E7A4F7556}") = "AppMovil", "AppMovil\AppMovil\AppMovil.csproj", "{DD2734C2-4DC5-454B-9E98-7EB76A9B3299}"
EndProject
Project("{FAE04EC0-301F-11D3-BF4B-00C04F79EFBC}") = "DAL", "DAL\DAL.csproj", "{5C017B8A-49BD-46C5-AEA5-A57910F59F69}"
EndProject
Project("{FAE04EC0-301F-11D3-BF4B-00C04F79EFBC}") = "Entities", "Entities\Entities.csproj", "{50EF10AE-A105-4302-9537-FB93191EE972}"
EndProject
Project("{FAE04EC0-301F-11D3-BF4B-00C04F79EFBC}") = "Contratos", "Contratos\Contratos.csproj", "{0A68A2A5-633B-4C24-993D-893274813539}"
EndProject
Project("{FAE04EC0-301F-11D3-BF4B-00C04F79EFBC}") = "ViewModel", "ViewModel\ViewModel.csproj", "{3558062C-AC24-4266-B41C-121808462B9C}"
EndProject
Project("{FAE04EC0-301F-11D3-BF4B-00C04F79EFBC}") = "WebAPI", "WebAPI\WebAPI.csproj", "{2D06E41A-3655-416C-9236-0AA47A4990C0}"
EndProject
Global
	GlobalSection(SolutionConfigurationPlatforms) = preSolution
		Debug|Any CPU = Debug|Any CPU
		Release|Any CPU = Release|Any CPU
	EndGlobalSection
	GlobalSection(ProjectConfigurationPlatforms) = postSolution
		{AD6FF1EB-5F1F-41D2-AC20-B004DDAAA051}.Debug|Any CPU.ActiveCfg = Debug|Any CPU
		{AD6FF1EB-5F1F-41D2-AC20-B004DDAAA051}.Debug|Any CPU.Build.0 = Debug|Any CPU
		{AD6FF1EB-5F1F-41D2-AC20-B004DDAAA051}.Debug|Any CPU.Deploy.0 = Debug|Any CPU
		{AD6FF1EB-5F1F-41D2-AC20-B004DDAAA051}.Release|Any CPU.ActiveCfg = Release|Any CPU
		{AD6FF1EB-5F1F-41D2-AC20-B004DDAAA051}.Release|Any CPU.Build.0 = Release|Any CPU
		{AD6FF1EB-5F1F-41D2-AC20-B004DDAAA051}.Release|Any CPU.Deploy.0 = Release|Any CPU
		{DD2734C2-4DC5-454B-9E98-7EB76A9B3299}.Debug|Any CPU.ActiveCfg = Debug|Any CPU
		{DD2734C2-4DC5-454B-9E98-7EB76A9B3299}.Debug|Any CPU.Build.0 = Debug|Any CPU
		{DD2734C2-4DC5-454B-9E98-7EB76A9B3299}.Debug|Any CPU.Deploy.0 = Debug|Any CPU
		{DD2734C2-4DC5-454B-9E98-7EB76A9B3299}.Release|Any CPU.ActiveCfg = Release|Any CPU
		{DD2734C2-4DC5-454B-9E98-7EB76A9B3299}.Release|Any CPU.Build.0 = Release|Any CPU
		{DD2734C2-4DC5-454B-9E98-7EB76A9B3299}.Release|Any CPU.Deploy.0 = Release|Any CPU
		{5C017B8A-49BD-46C5-AEA5-A57910F59F69}.Debug|Any CPU.ActiveCfg = Debug|Any CPU
		{5C017B8A-49BD-46C5-AEA5-A57910F59F69}.Debug|Any CPU.Build.0 = Debug|Any CPU
		{5C017B8A-49BD-46C5-AEA5-A57910F59F69}.Release|Any CPU.ActiveCfg = Release|Any CPU
		{5C017B8A-49BD-46C5-AEA5-A57910F59F69}.Release|Any CPU.Build.0 = Release|Any CPU
		{50EF10AE-A105-4302-9537-FB93191EE972}.Debug|Any CPU.ActiveCfg = Debug|Any CPU
		{50EF10AE-A105-4302-9537-FB93191EE972}.Debug|Any CPU.Build.0 = Debug|Any CPU
		{50EF10AE-A105-4302-9537-FB93191EE972}.Release|Any CPU.ActiveCfg = Release|Any CPU
		{50EF10AE-A105-4302-9537-FB93191EE972}.Release|Any CPU.Build.0 = Release|Any CPU
		{0A68A2A5-633B-4C24-993D-893274813539}.Debug|Any CPU.ActiveCfg = Debug|Any CPU
		{0A68A2A5-633B-4C24-993D-893274813539}.Debug|Any CPU.Build.0 = Debug|Any CPU
		{0A68A2A5-633B-4C24-993D-893274813539}.Release|Any CPU.ActiveCfg = Release|Any CPU
		{0A68A2A5-633B-4C24-993D-893274813539}.Release|Any CPU.Build.0 = Release|Any CPU
		{3558062C-AC24-4266-B41C-121808462B9C}.Debug|Any CPU.ActiveCfg = Debug|Any CPU
		{3558062C-AC24-4266-B41C-121808462B9C}.Debug|Any CPU.Build.0 = Debug|Any CPU
		{3558062C-AC24-4266-B41C-121808462B9C}.Release|Any CPU.ActiveCfg = Release|Any CPU
		{3558062C-AC24-4266-B41C-121808462B9C}.Release|Any CPU.Build.0 = Release|Any CPU
		{2D06E41A-3655-416C-9236-0AA47A4990C0}.Debug|Any CPU.ActiveCfg = Debug|Any CPU
		{2D06E41A-3655-416C-9236-0AA47A4990C0}.Debug|Any CPU.Build.0 = Debug|Any CPU
		{2D06E41A-3655-416C-9236-0AA47A4990C0}.Release|Any CPU.ActiveCfg = Release|Any CPU
		{2D06E41A-3655-416C-9236-0AA47A4990C0}.Release|Any CPU.Build.0 = Release|Any CPU
	EndGlobalSection
	GlobalSection(SolutionProperties) = preSolution
		HideSolutionNode = FALSE
	EndGlobalSection
	GlobalSection(ExtensibilityGlobals) = postSolution
		SolutionGuid = {097E7DEB-03FE-4F13-A6F5-D8A0DEFAECB6}
	EndGlobalSection
EndGlobal
